
Microsoft Visual Studio Solution File, Format Version 12.00
# Visual Studio Version 17
VisualStudioVersion = 17.9.34616.47
MinimumVisualStudioVersion = 10.0.40219.1
Project("{FAE04EC0-301F-11D3-BF4B-00C04F79EFBC}") = "ACT", "ACT\ACT.csproj", "{F42E327E-5B57-46DD-8ABD-762AF90D7C26}"
EndProject
Global
	GlobalSection(SolutionConfigurationPlatforms) = preSolution
		Debug|Any CPU = Debug|Any CPU
		Release|Any CPU = Release|Any CPU
	EndGlobalSection
	GlobalSection(ProjectConfigurationPlatforms) = postSolution
		{F42E327E-5B57-46DD-8ABD-762AF90D7C26}.Debug|Any CPU.ActiveCfg = Debug|Any CPU
		{F42E327E-5B57-46DD-8ABD-762AF90D7C26}.Debug|Any CPU.Build.0 = Debug|Any CPU
		{F42E327E-5B57-46DD-8ABD-762AF90D7C26}.Release|Any CPU.ActiveCfg = Release|Any CPU
		{F42E327E-5B57-46DD-8ABD-762AF90D7C26}.Release|Any CPU.Build.0 = Release|Any CPU
	EndGlobalSection
	GlobalSection(SolutionProperties) = preSolution
		HideSolutionNode = FALSE
	EndGlobalSection
	GlobalSection(ExtensibilityGlobals) = postSolution
		SolutionGuid = {94C457AD-B9D2-446E-A742-9697900848C2}
	EndGlobalSection
EndGlobal
